
Microsoft Visual Studio Solution File, Format Version 12.00
# Visual Studio Version 17
VisualStudioVersion = 17.0.32014.148
MinimumVisualStudioVersion = 10.0.40219.1
Project("{2150E333-8FDC-42A3-9474-1A3956D46DE8}") = "Services", "Services", "{1B16A4BB-05A0-4B74-BC02-D1575A4EC9A0}"
EndProject
Project("{2150E333-8FDC-42A3-9474-1A3956D46DE8}") = "Catalog", "Catalog", "{9129DAEF-15D2-456E-8A3C-07963BE0F721}"
EndProject
Project("{FAE04EC0-301F-11D3-BF4B-00C04F79EFBC}") = "Catalog.Api", "Services\Catalog\Catalog.Api\Catalog.Api.csproj", "{FCD5C058-9130-4C0C-BEDE-344C36B04638}"
EndProject
Global
	GlobalSection(SolutionConfigurationPlatforms) = preSolution
		Debug|Any CPU = Debug|Any CPU
		Release|Any CPU = Release|Any CPU
	EndGlobalSection
	GlobalSection(ProjectConfigurationPlatforms) = postSolution
		{FCD5C058-9130-4C0C-BEDE-344C36B04638}.Debug|Any CPU.ActiveCfg = Debug|Any CPU
		{FCD5C058-9130-4C0C-BEDE-344C36B04638}.Debug|Any CPU.Build.0 = Debug|Any CPU
		{FCD5C058-9130-4C0C-BEDE-344C36B04638}.Release|Any CPU.ActiveCfg = Release|Any CPU
		{FCD5C058-9130-4C0C-BEDE-344C36B04638}.Release|Any CPU.Build.0 = Release|Any CPU
	EndGlobalSection
	GlobalSection(SolutionProperties) = preSolution
		HideSolutionNode = FALSE
	EndGlobalSection
	GlobalSection(NestedProjects) = preSolution
		{9129DAEF-15D2-456E-8A3C-07963BE0F721} = {1B16A4BB-05A0-4B74-BC02-D1575A4EC9A0}
		{FCD5C058-9130-4C0C-BEDE-344C36B04638} = {9129DAEF-15D2-456E-8A3C-07963BE0F721}
	EndGlobalSection
	GlobalSection(ExtensibilityGlobals) = postSolution
		SolutionGuid = {2D55DC3B-0AAA-419C-8F2F-F4F6EB380139}
	EndGlobalSection
EndGlobal
